
Microsoft Visual Studio Solution File, Format Version 12.00
Project("{FAE04EC0-301F-11D3-BF4B-00C04F79EFBC}") = "Enigma", "Enigma\Enigma.csproj", "{55BBC0D1-F3EC-4D1A-B9C0-9FEE69EBB21A}"
EndProject
Project("{FAE04EC0-301F-11D3-BF4B-00C04F79EFBC}") = "Enigma.Cmd", "Enigma.Cmd\Enigma.Cmd.csproj", "{595264DC-4130-48C0-B25E-B7AD019AF739}"
EndProject
Project("{FAE04EC0-301F-11D3-BF4B-00C04F79EFBC}") = "Enigma.Tests", "Enigma.Tests\Enigma.Tests.csproj", "{706C8F03-44EA-4EF8-A4A1-F3BA0E32566D}"
EndProject
Project("{FAE04EC0-301F-11D3-BF4B-00C04F79EFBC}") = "Enigma.App", "Enigma.App\Enigma.App.csproj", "{8B055CED-E95C-41A4-851C-708FE012D476}"
EndProject
Project("{FAE04EC0-301F-11D3-BF4B-00C04F79EFBC}") = "Enigma.Web", "Enigma.Web\Enigma.Web.csproj", "{7075002B-32C7-4DBE-9063-222B5B7DB4BE}"
EndProject
Project("{FAE04EC0-301F-11D3-BF4B-00C04F79EFBC}") = "Enigma.Web.Tests", "Enigma.Web.Tests\Enigma.Web.Tests.csproj", "{41F658C4-9E43-47CE-BEB9-2FE731ED83A1}"
EndProject
Global
	GlobalSection(SolutionConfigurationPlatforms) = preSolution
		Debug|Any CPU = Debug|Any CPU
		Debug|x64 = Debug|x64
		Debug|x86 = Debug|x86
		Release|Any CPU = Release|Any CPU
		Release|x64 = Release|x64
		Release|x86 = Release|x86
	EndGlobalSection
	GlobalSection(ProjectConfigurationPlatforms) = postSolution
		{55BBC0D1-F3EC-4D1A-B9C0-9FEE69EBB21A}.Debug|Any CPU.ActiveCfg = Debug|Any CPU
		{55BBC0D1-F3EC-4D1A-B9C0-9FEE69EBB21A}.Debug|Any CPU.Build.0 = Debug|Any CPU
		{55BBC0D1-F3EC-4D1A-B9C0-9FEE69EBB21A}.Debug|x64.ActiveCfg = Debug|Any CPU
		{55BBC0D1-F3EC-4D1A-B9C0-9FEE69EBB21A}.Debug|x64.Build.0 = Debug|Any CPU
		{55BBC0D1-F3EC-4D1A-B9C0-9FEE69EBB21A}.Debug|x86.ActiveCfg = Debug|Any CPU
		{55BBC0D1-F3EC-4D1A-B9C0-9FEE69EBB21A}.Debug|x86.Build.0 = Debug|Any CPU
		{55BBC0D1-F3EC-4D1A-B9C0-9FEE69EBB21A}.Release|Any CPU.ActiveCfg = Release|Any CPU
		{55BBC0D1-F3EC-4D1A-B9C0-9FEE69EBB21A}.Release|Any CPU.Build.0 = Release|Any CPU
		{55BBC0D1-F3EC-4D1A-B9C0-9FEE69EBB21A}.Release|x64.ActiveCfg = Release|Any CPU
		{55BBC0D1-F3EC-4D1A-B9C0-9FEE69EBB21A}.Release|x64.Build.0 = Release|Any CPU
		{55BBC0D1-F3EC-4D1A-B9C0-9FEE69EBB21A}.Release|x86.ActiveCfg = Release|Any CPU
		{55BBC0D1-F3EC-4D1A-B9C0-9FEE69EBB21A}.Release|x86.Build.0 = Release|Any CPU
		{595264DC-4130-48C0-B25E-B7AD019AF739}.Debug|Any CPU.ActiveCfg = Debug|Any CPU
		{595264DC-4130-48C0-B25E-B7AD019AF739}.Debug|Any CPU.Build.0 = Debug|Any CPU
		{595264DC-4130-48C0-B25E-B7AD019AF739}.Debug|x64.ActiveCfg = Debug|Any CPU
		{595264DC-4130-48C0-B25E-B7AD019AF739}.Debug|x64.Build.0 = Debug|Any CPU
		{595264DC-4130-48C0-B25E-B7AD019AF739}.Debug|x86.ActiveCfg = Debug|Any CPU
		{595264DC-4130-48C0-B25E-B7AD019AF739}.Debug|x86.Build.0 = Debug|Any CPU
		{595264DC-4130-48C0-B25E-B7AD019AF739}.Release|Any CPU.ActiveCfg = Release|Any CPU
		{595264DC-4130-48C0-B25E-B7AD019AF739}.Release|Any CPU.Build.0 = Release|Any CPU
		{595264DC-4130-48C0-B25E-B7AD019AF739}.Release|x64.ActiveCfg = Release|Any CPU
		{595264DC-4130-48C0-B25E-B7AD019AF739}.Release|x64.Build.0 = Release|Any CPU
		{595264DC-4130-48C0-B25E-B7AD019AF739}.Release|x86.ActiveCfg = Release|Any CPU
		{595264DC-4130-48C0-B25E-B7AD019AF739}.Release|x86.Build.0 = Release|Any CPU
		{706C8F03-44EA-4EF8-A4A1-F3BA0E32566D}.Debug|Any CPU.ActiveCfg = Debug|Any CPU
		{706C8F03-44EA-4EF8-A4A1-F3BA0E32566D}.Debug|Any CPU.Build.0 = Debug|Any CPU
		{706C8F03-44EA-4EF8-A4A1-F3BA0E32566D}.Debug|x64.ActiveCfg = Debug|Any CPU
		{706C8F03-44EA-4EF8-A4A1-F3BA0E32566D}.Debug|x64.Build.0 = Debug|Any CPU
		{706C8F03-44EA-4EF8-A4A1-F3BA0E32566D}.Debug|x86.ActiveCfg = Debug|Any CPU
		{706C8F03-44EA-4EF8-A4A1-F3BA0E32566D}.Debug|x86.Build.0 = Debug|Any CPU
		{706C8F03-44EA-4EF8-A4A1-F3BA0E32566D}.Release|Any CPU.ActiveCfg = Release|Any CPU
		{706C8F03-44EA-4EF8-A4A1-F3BA0E32566D}.Release|Any CPU.Build.0 = Release|Any CPU
		{706C8F03-44EA-4EF8-A4A1-F3BA0E32566D}.Release|x64.ActiveCfg = Release|Any CPU
		{706C8F03-44EA-4EF8-A4A1-F3BA0E32566D}.Release|x64.Build.0 = Release|Any CPU
		{706C8F03-44EA-4EF8-A4A1-F3BA0E32566D}.Release|x86.ActiveCfg = Release|Any CPU
		{706C8F03-44EA-4EF8-A4A1-F3BA0E32566D}.Release|x86.Build.0 = Release|Any CPU
		{8B055CED-E95C-41A4-851C-708FE012D476}.Debug|Any CPU.ActiveCfg = Debug|Any CPU
		{8B055CED-E95C-41A4-851C-708FE012D476}.Debug|Any CPU.Build.0 = Debug|Any CPU
		{8B055CED-E95C-41A4-851C-708FE012D476}.Debug|x64.ActiveCfg = Debug|Any CPU
		{8B055CED-E95C-41A4-851C-708FE012D476}.Debug|x64.Build.0 = Debug|Any CPU
		{8B055CED-E95C-41A4-851C-708FE012D476}.Debug|x86.ActiveCfg = Debug|Any CPU
		{8B055CED-E95C-41A4-851C-708FE012D476}.Debug|x86.Build.0 = Debug|Any CPU
		{8B055CED-E95C-41A4-851C-708FE012D476}.Release|Any CPU.ActiveCfg = Release|Any CPU
		{8B055CED-E95C-41A4-851C-708FE012D476}.Release|Any CPU.Build.0 = Release|Any CPU
		{8B055CED-E95C-41A4-851C-708FE012D476}.Release|x64.ActiveCfg = Release|Any CPU
		{8B055CED-E95C-41A4-851C-708FE012D476}.Release|x64.Build.0 = Release|Any CPU
		{8B055CED-E95C-41A4-851C-708FE012D476}.Release|x86.ActiveCfg = Release|Any CPU
		{8B055CED-E95C-41A4-851C-708FE012D476}.Release|x86.Build.0 = Release|Any CPU
		{7075002B-32C7-4DBE-9063-222B5B7DB4BE}.Debug|Any CPU.ActiveCfg = Debug|Any CPU
		{7075002B-32C7-4DBE-9063-222B5B7DB4BE}.Debug|Any CPU.Build.0 = Debug|Any CPU
		{7075002B-32C7-4DBE-9063-222B5B7DB4BE}.Debug|x64.ActiveCfg = Debug|Any CPU
		{7075002B-32C7-4DBE-9063-222B5B7DB4BE}.Debug|x64.Build.0 = Debug|Any CPU
		{7075002B-32C7-4DBE-9063-222B5B7DB4BE}.Debug|x86.ActiveCfg = Debug|Any CPU
		{7075002B-32C7-4DBE-9063-222B5B7DB4BE}.Debug|x86.Build.0 = Debug|Any CPU
		{7075002B-32C7-4DBE-9063-222B5B7DB4BE}.Release|Any CPU.ActiveCfg = Release|Any CPU
		{7075002B-32C7-4DBE-9063-222B5B7DB4BE}.Release|Any CPU.Build.0 = Release|Any CPU
		{7075002B-32C7-4DBE-9063-222B5B7DB4BE}.Release|x64.ActiveCfg = Release|Any CPU
		{7075002B-32C7-4DBE-9063-222B5B7DB4BE}.Release|x64.Build.0 = Release|Any CPU
		{7075002B-32C7-4DBE-9063-222B5B7DB4BE}.Release|x86.ActiveCfg = Release|Any CPU
		{7075002B-32C7-4DBE-9063-222B5B7DB4BE}.Release|x86.Build.0 = Release|Any CPU
		{41F658C4-9E43-47CE-BEB9-2FE731ED83A1}.Debug|Any CPU.ActiveCfg = Debug|Any CPU
		{41F658C4-9E43-47CE-BEB9-2FE731ED83A1}.Debug|Any CPU.Build.0 = Debug|Any CPU
		{41F658C4-9E43-47CE-BEB9-2FE731ED83A1}.Debug|x64.ActiveCfg = Debug|Any CPU
		{41F658C4-9E43-47CE-BEB9-2FE731ED83A1}.Debug|x64.Build.0 = Debug|Any CPU
		{41F658C4-9E43-47CE-BEB9-2FE731ED83A1}.Debug|x86.ActiveCfg = Debug|Any CPU
		{41F658C4-9E43-47CE-BEB9-2FE731ED83A1}.Debug|x86.Build.0 = Debug|Any CPU
		{41F658C4-9E43-47CE-BEB9-2FE731ED83A1}.Release|Any CPU.ActiveCfg = Release|Any CPU
		{41F658C4-9E43-47CE-BEB9-2FE731ED83A1}.Release|Any CPU.Build.0 = Release|Any CPU
		{41F658C4-9E43-47CE-BEB9-2FE731ED83A1}.Release|x64.ActiveCfg = Release|Any CPU
		{41F658C4-9E43-47CE-BEB9-2FE731ED83A1}.Release|x64.Build.0 = Release|Any CPU
		{41F658C4-9E43-47CE-BEB9-2FE731ED83A1}.Release|x86.ActiveCfg = Release|Any CPU
		{41F658C4-9E43-47CE-BEB9-2FE731ED83A1}.Release|x86.Build.0 = Release|Any CPU
	EndGlobalSection
	GlobalSection(SolutionProperties) = preSolution
		HideSolutionNode = FALSE
	EndGlobalSection
EndGlobal
